
Microsoft Visual Studio Solution File, Format Version 12.00
# Visual Studio 15
VisualStudioVersion = 15.0.27130.2010
MinimumVisualStudioVersion = 10.0.40219.1
Project("{9A19103F-16F7-4668-BE54-9A1E7A4F7556}") = "FoodDataService", "FoodDataService\FoodDataService.csproj", "{924005B8-5874-47A0-9BDB-1DEB4C5EEF4C}"
EndProject
Project("{FAE04EC0-301F-11D3-BF4B-00C04F79EFBC}") = "FoodDataService.Tests", "FoodDataService.Tests\FoodDataService.Tests.csproj", "{714740B1-2915-44DE-921C-69D269948EE6}"
EndProject
Global
	GlobalSection(SolutionConfigurationPlatforms) = preSolution
		Debug|Any CPU = Debug|Any CPU
		Release|Any CPU = Release|Any CPU
	EndGlobalSection
	GlobalSection(ProjectConfigurationPlatforms) = postSolution
		{924005B8-5874-47A0-9BDB-1DEB4C5EEF4C}.Debug|Any CPU.ActiveCfg = Debug|Any CPU
		{924005B8-5874-47A0-9BDB-1DEB4C5EEF4C}.Debug|Any CPU.Build.0 = Debug|Any CPU
		{924005B8-5874-47A0-9BDB-1DEB4C5EEF4C}.Release|Any CPU.ActiveCfg = Release|Any CPU
		{924005B8-5874-47A0-9BDB-1DEB4C5EEF4C}.Release|Any CPU.Build.0 = Release|Any CPU
		{714740B1-2915-44DE-921C-69D269948EE6}.Debug|Any CPU.ActiveCfg = Debug|Any CPU
		{714740B1-2915-44DE-921C-69D269948EE6}.Debug|Any CPU.Build.0 = Debug|Any CPU
		{714740B1-2915-44DE-921C-69D269948EE6}.Release|Any CPU.ActiveCfg = Release|Any CPU
		{714740B1-2915-44DE-921C-69D269948EE6}.Release|Any CPU.Build.0 = Release|Any CPU
	EndGlobalSection
	GlobalSection(SolutionProperties) = preSolution
		HideSolutionNode = FALSE
	EndGlobalSection
	GlobalSection(ExtensibilityGlobals) = postSolution
		SolutionGuid = {86F3F6D4-AD2F-45B9-A7C5-9272E15C65B8}
	EndGlobalSection
EndGlobal
