
Microsoft Visual Studio Solution File, Format Version 12.00
# Visual Studio 2012
Project("{FAE04EC0-301F-11D3-BF4B-00C04F79EFBC}") = "FoodDataService", "FoodDataService\FoodDataService.csproj", "{7545BC99-D000-4510-BABF-5D50AB3FDBE6}"
EndProject
Project("{FAE04EC0-301F-11D3-BF4B-00C04F79EFBC}") = "FoodDataService.Tests", "FoodDataService.Tests\FoodDataService.Tests.csproj", "{0AFA94D9-3E38-47DA-B76B-A45A32C67997}"
EndProject
Global
	GlobalSection(SolutionConfigurationPlatforms) = preSolution
		Debug|Any CPU = Debug|Any CPU
		Release|Any CPU = Release|Any CPU
	EndGlobalSection
	GlobalSection(ProjectConfigurationPlatforms) = postSolution
		{7545BC99-D000-4510-BABF-5D50AB3FDBE6}.Debug|Any CPU.ActiveCfg = Debug|Any CPU
		{7545BC99-D000-4510-BABF-5D50AB3FDBE6}.Debug|Any CPU.Build.0 = Debug|Any CPU
		{7545BC99-D000-4510-BABF-5D50AB3FDBE6}.Release|Any CPU.ActiveCfg = Release|Any CPU
		{7545BC99-D000-4510-BABF-5D50AB3FDBE6}.Release|Any CPU.Build.0 = Release|Any CPU
		{0AFA94D9-3E38-47DA-B76B-A45A32C67997}.Debug|Any CPU.ActiveCfg = Debug|Any CPU
		{0AFA94D9-3E38-47DA-B76B-A45A32C67997}.Debug|Any CPU.Build.0 = Debug|Any CPU
		{0AFA94D9-3E38-47DA-B76B-A45A32C67997}.Release|Any CPU.ActiveCfg = Release|Any CPU
		{0AFA94D9-3E38-47DA-B76B-A45A32C67997}.Release|Any CPU.Build.0 = Release|Any CPU
	EndGlobalSection
EndGlobal
